
Microsoft Visual Studio Solution File, Format Version 12.00
# Visual Studio Version 16
VisualStudioVersion = 16.0.31515.178
MinimumVisualStudioVersion = 10.0.40219.1
Project("{FAE04EC0-301F-11D3-BF4B-00C04F79EFBC}") = "OpenWallet.WinForm", "OpenWallet.WinForm\OpenWallet.WinForm.csproj", "{B5CC453F-B113-420C-A03D-F4833EE5FFF4}"
EndProject
Project("{9A19103F-16F7-4668-BE54-9A1E7A4F7556}") = "OpentWallet.Logic", "OpentWallet.Logic\OpentWallet.Logic.csproj", "{67B47681-F955-4716-BE52-D2F29D913D5A}"
EndProject
Project("{9A19103F-16F7-4668-BE54-9A1E7A4F7556}") = "OpenWallet.Common", "OpenWallet.Common\OpenWallet.Common.csproj", "{28A4FA1F-336D-41AC-92D7-BE941A32670A}"
EndProject
Project("{9A19103F-16F7-4668-BE54-9A1E7A4F7556}") = "OpenWallet.Logic.Abstraction", "OpenWallet.Logic.Abstraction\OpenWallet.Logic.Abstraction.csproj", "{44B0C7CE-9D7C-43E4-ADC4-3C6DF489A55D}"
EndProject
Global
	GlobalSection(SolutionConfigurationPlatforms) = preSolution
		Debug|Any CPU = Debug|Any CPU
		Release|Any CPU = Release|Any CPU
	EndGlobalSection
	GlobalSection(ProjectConfigurationPlatforms) = postSolution
		{B5CC453F-B113-420C-A03D-F4833EE5FFF4}.Debug|Any CPU.ActiveCfg = Debug|Any CPU
		{B5CC453F-B113-420C-A03D-F4833EE5FFF4}.Debug|Any CPU.Build.0 = Debug|Any CPU
		{B5CC453F-B113-420C-A03D-F4833EE5FFF4}.Release|Any CPU.ActiveCfg = Release|Any CPU
		{B5CC453F-B113-420C-A03D-F4833EE5FFF4}.Release|Any CPU.Build.0 = Release|Any CPU
		{67B47681-F955-4716-BE52-D2F29D913D5A}.Debug|Any CPU.ActiveCfg = Debug|Any CPU
		{67B47681-F955-4716-BE52-D2F29D913D5A}.Debug|Any CPU.Build.0 = Debug|Any CPU
		{67B47681-F955-4716-BE52-D2F29D913D5A}.Release|Any CPU.ActiveCfg = Release|Any CPU
		{67B47681-F955-4716-BE52-D2F29D913D5A}.Release|Any CPU.Build.0 = Release|Any CPU
		{28A4FA1F-336D-41AC-92D7-BE941A32670A}.Debug|Any CPU.ActiveCfg = Debug|Any CPU
		{28A4FA1F-336D-41AC-92D7-BE941A32670A}.Debug|Any CPU.Build.0 = Debug|Any CPU
		{28A4FA1F-336D-41AC-92D7-BE941A32670A}.Release|Any CPU.ActiveCfg = Release|Any CPU
		{28A4FA1F-336D-41AC-92D7-BE941A32670A}.Release|Any CPU.Build.0 = Release|Any CPU
		{44B0C7CE-9D7C-43E4-ADC4-3C6DF489A55D}.Debug|Any CPU.ActiveCfg = Debug|Any CPU
		{44B0C7CE-9D7C-43E4-ADC4-3C6DF489A55D}.Debug|Any CPU.Build.0 = Debug|Any CPU
		{44B0C7CE-9D7C-43E4-ADC4-3C6DF489A55D}.Release|Any CPU.ActiveCfg = Release|Any CPU
		{44B0C7CE-9D7C-43E4-ADC4-3C6DF489A55D}.Release|Any CPU.Build.0 = Release|Any CPU
	EndGlobalSection
	GlobalSection(SolutionProperties) = preSolution
		HideSolutionNode = FALSE
	EndGlobalSection
	GlobalSection(ExtensibilityGlobals) = postSolution
		SolutionGuid = {E217BEF5-57C7-419D-9DAA-FAE3F6CB49FF}
	EndGlobalSection
EndGlobal
